
Microsoft Visual Studio Solution File, Format Version 12.00
# Visual Studio Version 16
VisualStudioVersion = 16.0.29409.12
MinimumVisualStudioVersion = 10.0.40219.1
Project("{9A19103F-16F7-4668-BE54-9A1E7A4F7556}") = "SpaceInvader", "Samples\SpaceInvader\SpaceInvader.csproj", "{B06015DF-228D-4963-9C57-3226D8F1EECE}"
EndProject
Project("{9A19103F-16F7-4668-BE54-9A1E7A4F7556}") = "TypeOCore", "TypeOCore\TypeOCore.csproj", "{11292511-77BA-4ED3-ADB4-6ECFA96389E2}"
EndProject
Project("{9A19103F-16F7-4668-BE54-9A1E7A4F7556}") = "TypeOSDL", "TypeOSDL\TypeOSDL.csproj", "{D7B1798A-D54D-4992-9D74-7A28D0263760}"
EndProject
Project("{2150E333-8FDC-42A3-9474-1A3956D46DE8}") = "Samples", "Samples", "{34CC081F-0ACB-4DB1-927C-64C03ED8DE12}"
EndProject
Project("{2150E333-8FDC-42A3-9474-1A3956D46DE8}") = "Tests", "Tests", "{664A8562-7D18-46A0-A903-74D5AF034E7B}"
EndProject
Project("{9A19103F-16F7-4668-BE54-9A1E7A4F7556}") = "TypeOSDLUnitTest", "Tests\TypeOSDLUnitTest\TypeOSDLUnitTest.csproj", "{1D700D1C-A709-4DC9-94E8-D5B1944F84B4}"
EndProject
Project("{9A19103F-16F7-4668-BE54-9A1E7A4F7556}") = "TypeODesktop", "TypeODesktop\TypeODesktop.csproj", "{43ED0436-BE0D-4AD2-B1BD-0C5970316323}"
EndProject
Project("{9A19103F-16F7-4668-BE54-9A1E7A4F7556}") = "TypeOCoreTest", "Tests\TypeOCoreTest\TypeOCoreTest.csproj", "{DF670F77-D4F6-46C3-B449-81EA6AE6860E}"
EndProject
Project("{9A19103F-16F7-4668-BE54-9A1E7A4F7556}") = "TypeODesktopTest", "Tests\TypeODesktopTest\TypeODesktopTest.csproj", "{B2765345-3ACC-4E62-BBD6-50910432F327}"
EndProject
Project("{9A19103F-16F7-4668-BE54-9A1E7A4F7556}") = "Particles", "Samples\Particles\Particles.csproj", "{FB6CB591-BF1D-41EE-86CF-FCAA7222FBAA}"
EndProject
Project("{9A19103F-16F7-4668-BE54-9A1E7A4F7556}") = "Breakout", "Samples\Breakout\Breakout.csproj", "{C825EC99-48F6-47A2-BB03-E4A9924B17C1}"
EndProject
Project("{FAE04EC0-301F-11D3-BF4B-00C04F79EFBC}") = "TypeOBasic2d", "TypeOBasic2d\TypeOBasic2d.csproj", "{5D70BF31-CC23-43BB-A074-1A9BE67154DF}"
EndProject
Project("{FAE04EC0-301F-11D3-BF4B-00C04F79EFBC}") = "TypeOBasic2dTest", "Tests\TypeOBasic2dTest\TypeOBasic2dTest.csproj", "{1EFEB5D2-326B-4C10-BC9C-095BC1E86CFF}"
EndProject
Project("{FAE04EC0-301F-11D3-BF4B-00C04F79EFBC}") = "TextAdventure", "Samples\TextAdventure\TextAdventure.csproj", "{44B0AC25-BE18-4C4C-BC1C-7DA6D1DE9A9E}"
EndProject
Global
	GlobalSection(SolutionConfigurationPlatforms) = preSolution
		Debug|Any CPU = Debug|Any CPU
		Release|Any CPU = Release|Any CPU
	EndGlobalSection
	GlobalSection(ProjectConfigurationPlatforms) = postSolution
		{B06015DF-228D-4963-9C57-3226D8F1EECE}.Debug|Any CPU.ActiveCfg = Debug|Any CPU
		{B06015DF-228D-4963-9C57-3226D8F1EECE}.Debug|Any CPU.Build.0 = Debug|Any CPU
		{B06015DF-228D-4963-9C57-3226D8F1EECE}.Release|Any CPU.ActiveCfg = Release|Any CPU
		{B06015DF-228D-4963-9C57-3226D8F1EECE}.Release|Any CPU.Build.0 = Release|Any CPU
		{11292511-77BA-4ED3-ADB4-6ECFA96389E2}.Debug|Any CPU.ActiveCfg = Debug|Any CPU
		{11292511-77BA-4ED3-ADB4-6ECFA96389E2}.Debug|Any CPU.Build.0 = Debug|Any CPU
		{11292511-77BA-4ED3-ADB4-6ECFA96389E2}.Release|Any CPU.ActiveCfg = Release|Any CPU
		{11292511-77BA-4ED3-ADB4-6ECFA96389E2}.Release|Any CPU.Build.0 = Release|Any CPU
		{D7B1798A-D54D-4992-9D74-7A28D0263760}.Debug|Any CPU.ActiveCfg = Debug|Any CPU
		{D7B1798A-D54D-4992-9D74-7A28D0263760}.Debug|Any CPU.Build.0 = Debug|Any CPU
		{D7B1798A-D54D-4992-9D74-7A28D0263760}.Release|Any CPU.ActiveCfg = Release|Any CPU
		{D7B1798A-D54D-4992-9D74-7A28D0263760}.Release|Any CPU.Build.0 = Release|Any CPU
		{1D700D1C-A709-4DC9-94E8-D5B1944F84B4}.Debug|Any CPU.ActiveCfg = Debug|Any CPU
		{1D700D1C-A709-4DC9-94E8-D5B1944F84B4}.Debug|Any CPU.Build.0 = Debug|Any CPU
		{1D700D1C-A709-4DC9-94E8-D5B1944F84B4}.Release|Any CPU.ActiveCfg = Release|Any CPU
		{1D700D1C-A709-4DC9-94E8-D5B1944F84B4}.Release|Any CPU.Build.0 = Release|Any CPU
		{43ED0436-BE0D-4AD2-B1BD-0C5970316323}.Debug|Any CPU.ActiveCfg = Debug|Any CPU
		{43ED0436-BE0D-4AD2-B1BD-0C5970316323}.Debug|Any CPU.Build.0 = Debug|Any CPU
		{43ED0436-BE0D-4AD2-B1BD-0C5970316323}.Release|Any CPU.ActiveCfg = Release|Any CPU
		{43ED0436-BE0D-4AD2-B1BD-0C5970316323}.Release|Any CPU.Build.0 = Release|Any CPU
		{DF670F77-D4F6-46C3-B449-81EA6AE6860E}.Debug|Any CPU.ActiveCfg = Debug|Any CPU
		{DF670F77-D4F6-46C3-B449-81EA6AE6860E}.Debug|Any CPU.Build.0 = Debug|Any CPU
		{DF670F77-D4F6-46C3-B449-81EA6AE6860E}.Release|Any CPU.ActiveCfg = Release|Any CPU
		{DF670F77-D4F6-46C3-B449-81EA6AE6860E}.Release|Any CPU.Build.0 = Release|Any CPU
		{B2765345-3ACC-4E62-BBD6-50910432F327}.Debug|Any CPU.ActiveCfg = Debug|Any CPU
		{B2765345-3ACC-4E62-BBD6-50910432F327}.Debug|Any CPU.Build.0 = Debug|Any CPU
		{B2765345-3ACC-4E62-BBD6-50910432F327}.Release|Any CPU.ActiveCfg = Release|Any CPU
		{B2765345-3ACC-4E62-BBD6-50910432F327}.Release|Any CPU.Build.0 = Release|Any CPU
		{FB6CB591-BF1D-41EE-86CF-FCAA7222FBAA}.Debug|Any CPU.ActiveCfg = Debug|Any CPU
		{FB6CB591-BF1D-41EE-86CF-FCAA7222FBAA}.Debug|Any CPU.Build.0 = Debug|Any CPU
		{FB6CB591-BF1D-41EE-86CF-FCAA7222FBAA}.Release|Any CPU.ActiveCfg = Release|Any CPU
		{FB6CB591-BF1D-41EE-86CF-FCAA7222FBAA}.Release|Any CPU.Build.0 = Release|Any CPU
		{C825EC99-48F6-47A2-BB03-E4A9924B17C1}.Debug|Any CPU.ActiveCfg = Debug|Any CPU
		{C825EC99-48F6-47A2-BB03-E4A9924B17C1}.Debug|Any CPU.Build.0 = Debug|Any CPU
		{C825EC99-48F6-47A2-BB03-E4A9924B17C1}.Release|Any CPU.ActiveCfg = Release|Any CPU
		{C825EC99-48F6-47A2-BB03-E4A9924B17C1}.Release|Any CPU.Build.0 = Release|Any CPU
		{5D70BF31-CC23-43BB-A074-1A9BE67154DF}.Debug|Any CPU.ActiveCfg = Debug|Any CPU
		{5D70BF31-CC23-43BB-A074-1A9BE67154DF}.Debug|Any CPU.Build.0 = Debug|Any CPU
		{5D70BF31-CC23-43BB-A074-1A9BE67154DF}.Release|Any CPU.ActiveCfg = Release|Any CPU
		{5D70BF31-CC23-43BB-A074-1A9BE67154DF}.Release|Any CPU.Build.0 = Release|Any CPU
		{1EFEB5D2-326B-4C10-BC9C-095BC1E86CFF}.Debug|Any CPU.ActiveCfg = Debug|Any CPU
		{1EFEB5D2-326B-4C10-BC9C-095BC1E86CFF}.Debug|Any CPU.Build.0 = Debug|Any CPU
		{1EFEB5D2-326B-4C10-BC9C-095BC1E86CFF}.Release|Any CPU.ActiveCfg = Release|Any CPU
		{1EFEB5D2-326B-4C10-BC9C-095BC1E86CFF}.Release|Any CPU.Build.0 = Release|Any CPU
<<<<<<< Updated upstream
=======
		{1DD83329-CE30-4161-88BE-0B3D89F9DBA4}.Debug|Any CPU.ActiveCfg = Debug|Any CPU
		{1DD83329-CE30-4161-88BE-0B3D89F9DBA4}.Debug|Any CPU.Build.0 = Debug|Any CPU
		{1DD83329-CE30-4161-88BE-0B3D89F9DBA4}.Release|Any CPU.ActiveCfg = Release|Any CPU
		{1DD83329-CE30-4161-88BE-0B3D89F9DBA4}.Release|Any CPU.Build.0 = Release|Any CPU
		{CFE541E4-F5B6-4A0E-AE19-C47B6760145B}.Debug|Any CPU.ActiveCfg = Debug|Any CPU
		{CFE541E4-F5B6-4A0E-AE19-C47B6760145B}.Debug|Any CPU.Build.0 = Debug|Any CPU
		{CFE541E4-F5B6-4A0E-AE19-C47B6760145B}.Release|Any CPU.ActiveCfg = Release|Any CPU
		{CFE541E4-F5B6-4A0E-AE19-C47B6760145B}.Release|Any CPU.Build.0 = Release|Any CPU
		{10550FAA-96A3-40AD-9BC9-9AFE9B32349A}.Debug|Any CPU.ActiveCfg = Debug|Any CPU
		{10550FAA-96A3-40AD-9BC9-9AFE9B32349A}.Debug|Any CPU.Build.0 = Debug|Any CPU
		{10550FAA-96A3-40AD-9BC9-9AFE9B32349A}.Release|Any CPU.ActiveCfg = Release|Any CPU
		{10550FAA-96A3-40AD-9BC9-9AFE9B32349A}.Release|Any CPU.Build.0 = Release|Any CPU
		{44B0AC25-BE18-4C4C-BC1C-7DA6D1DE9A9E}.Debug|Any CPU.ActiveCfg = Debug|Any CPU
		{44B0AC25-BE18-4C4C-BC1C-7DA6D1DE9A9E}.Debug|Any CPU.Build.0 = Debug|Any CPU
		{44B0AC25-BE18-4C4C-BC1C-7DA6D1DE9A9E}.Release|Any CPU.ActiveCfg = Release|Any CPU
		{44B0AC25-BE18-4C4C-BC1C-7DA6D1DE9A9E}.Release|Any CPU.Build.0 = Release|Any CPU
>>>>>>> Stashed changes
	EndGlobalSection
	GlobalSection(SolutionProperties) = preSolution
		HideSolutionNode = FALSE
	EndGlobalSection
	GlobalSection(NestedProjects) = preSolution
		{B06015DF-228D-4963-9C57-3226D8F1EECE} = {34CC081F-0ACB-4DB1-927C-64C03ED8DE12}
		{1D700D1C-A709-4DC9-94E8-D5B1944F84B4} = {664A8562-7D18-46A0-A903-74D5AF034E7B}
		{DF670F77-D4F6-46C3-B449-81EA6AE6860E} = {664A8562-7D18-46A0-A903-74D5AF034E7B}
		{B2765345-3ACC-4E62-BBD6-50910432F327} = {664A8562-7D18-46A0-A903-74D5AF034E7B}
		{FB6CB591-BF1D-41EE-86CF-FCAA7222FBAA} = {34CC081F-0ACB-4DB1-927C-64C03ED8DE12}
		{C825EC99-48F6-47A2-BB03-E4A9924B17C1} = {34CC081F-0ACB-4DB1-927C-64C03ED8DE12}
		{1EFEB5D2-326B-4C10-BC9C-095BC1E86CFF} = {664A8562-7D18-46A0-A903-74D5AF034E7B}
<<<<<<< Updated upstream
=======
		{1DD83329-CE30-4161-88BE-0B3D89F9DBA4} = {4AEAA7A4-8925-4687-AF58-8C6DAF4959C2}
		{CFE541E4-F5B6-4A0E-AE19-C47B6760145B} = {4AEAA7A4-8925-4687-AF58-8C6DAF4959C2}
		{10550FAA-96A3-40AD-9BC9-9AFE9B32349A} = {664A8562-7D18-46A0-A903-74D5AF034E7B}
		{44B0AC25-BE18-4C4C-BC1C-7DA6D1DE9A9E} = {34CC081F-0ACB-4DB1-927C-64C03ED8DE12}
>>>>>>> Stashed changes
	EndGlobalSection
	GlobalSection(ExtensibilityGlobals) = postSolution
		SolutionGuid = {9A958F7F-EB98-4FCA-A7FE-0DB251A3D741}
	EndGlobalSection
EndGlobal
